// !$*UTF8*$!
{
	archiveVersion = 1;
	classes = {
	};
	objectVersion = 50;
	objects = {

/* Begin PBXBuildFile section */
		866BFA98F1AB4233EC43BED0 /* Pods_ViperArchitectureDemo.framework in Frameworks */ = {isa = PBXBuildFile; fileRef = D4812341001F6435CDE57896 /* Pods_ViperArchitectureDemo.framework */; };
		A716A29B21AA7D6D00CAFC97 /* UserResponseModel.swift in Sources */ = {isa = PBXBuildFile; fileRef = A716A29A21AA7D6D00CAFC97 /* UserResponseModel.swift */; };
		A716A29D21AA968900CAFC97 /* UserResponseRemoteModel.swift in Sources */ = {isa = PBXBuildFile; fileRef = A716A29C21AA968900CAFC97 /* UserResponseRemoteModel.swift */; };
		A739E4BE21A147E1007205F4 /* UserDetailViewController.swift in Sources */ = {isa = PBXBuildFile; fileRef = A739E4BD21A147E1007205F4 /* UserDetailViewController.swift */; };
		A739E4C021A147FE007205F4 /* UserDetailPresenter.swift in Sources */ = {isa = PBXBuildFile; fileRef = A739E4BF21A147FE007205F4 /* UserDetailPresenter.swift */; };
		A739E4C221A1480E007205F4 /* UserDetailInteractor.swift in Sources */ = {isa = PBXBuildFile; fileRef = A739E4C121A1480E007205F4 /* UserDetailInteractor.swift */; };
		A739E4C421A1481E007205F4 /* UserDetailProtocol.swift in Sources */ = {isa = PBXBuildFile; fileRef = A739E4C321A1481E007205F4 /* UserDetailProtocol.swift */; };
		A739E4C621A14EB3007205F4 /* UserDetailRouter.swift in Sources */ = {isa = PBXBuildFile; fileRef = A739E4C521A14EB3007205F4 /* UserDetailRouter.swift */; };
		A7589F2D219D56FB00A3C793 /* AppDelegate.swift in Sources */ = {isa = PBXBuildFile; fileRef = A7589F2C219D56FB00A3C793 /* AppDelegate.swift */; };
		A7589F2F219D56FB00A3C793 /* LoginViewController.swift in Sources */ = {isa = PBXBuildFile; fileRef = A7589F2E219D56FB00A3C793 /* LoginViewController.swift */; };
		A7589F32219D56FB00A3C793 /* Main.storyboard in Resources */ = {isa = PBXBuildFile; fileRef = A7589F30219D56FB00A3C793 /* Main.storyboard */; };
		A7589F34219D56FD00A3C793 /* Assets.xcassets in Resources */ = {isa = PBXBuildFile; fileRef = A7589F33219D56FD00A3C793 /* Assets.xcassets */; };
		A7589F37219D56FD00A3C793 /* LaunchScreen.storyboard in Resources */ = {isa = PBXBuildFile; fileRef = A7589F35219D56FD00A3C793 /* LaunchScreen.storyboard */; };
		A7589F42219D56FD00A3C793 /* ViperArchitectureDemoTests.swift in Sources */ = {isa = PBXBuildFile; fileRef = A7589F41219D56FD00A3C793 /* ViperArchitectureDemoTests.swift */; };
		A7589F4D219D56FD00A3C793 /* ViperArchitectureDemoUITests.swift in Sources */ = {isa = PBXBuildFile; fileRef = A7589F4C219D56FD00A3C793 /* ViperArchitectureDemoUITests.swift */; };
		A7589F60219D5A1D00A3C793 /* LoginProtocol.swift in Sources */ = {isa = PBXBuildFile; fileRef = A7589F5F219D5A1D00A3C793 /* LoginProtocol.swift */; };
		A7589F64219D606E00A3C793 /* UserPresenter.swift in Sources */ = {isa = PBXBuildFile; fileRef = A7589F63219D606E00A3C793 /* UserPresenter.swift */; };
		A7589F66219D612900A3C793 /* UserInteractor.swift in Sources */ = {isa = PBXBuildFile; fileRef = A7589F65219D612900A3C793 /* UserInteractor.swift */; };
		A7589F69219D7A4F00A3C793 /* UserRouter.swift in Sources */ = {isa = PBXBuildFile; fileRef = A7589F68219D7A4F00A3C793 /* UserRouter.swift */; };
		A766651E21A28FAF00B3C41C /* BaseEntity.swift in Sources */ = {isa = PBXBuildFile; fileRef = A766651D21A28FAF00B3C41C /* BaseEntity.swift */; };
		A77458BC219D977C00860F11 /* Constants.swift in Sources */ = {isa = PBXBuildFile; fileRef = A77458BB219D977C00860F11 /* Constants.swift */; };
		A7C8660921AEB96E00517FB9 /* SWRevealViewController.m in Sources */ = {isa = PBXBuildFile; fileRef = A7C8660821AEB96D00517FB9 /* SWRevealViewController.m */; };
		A7C8660B21AEBB5F00517FB9 /* SlideinTableViewController.swift in Sources */ = {isa = PBXBuildFile; fileRef = A7C8660A21AEBB5F00517FB9 /* SlideinTableViewController.swift */; };
		A7CF0BF321AD24DB00952383 /* TabLayoutViewController.swift in Sources */ = {isa = PBXBuildFile; fileRef = A7CF0BF221AD24DB00952383 /* TabLayoutViewController.swift */; };
		A7E0A1A621AFE68600F38072 /* StockLedgerViewController.swift in Sources */ = {isa = PBXBuildFile; fileRef = A7E0A1A521AFE68600F38072 /* StockLedgerViewController.swift */; };
/* End PBXBuildFile section */

/* Begin PBXContainerItemProxy section */
		A7589F3E219D56FD00A3C793 /* PBXContainerItemProxy */ = {
			isa = PBXContainerItemProxy;
			containerPortal = A7589F21219D56FB00A3C793 /* Project object */;
			proxyType = 1;
			remoteGlobalIDString = A7589F28219D56FB00A3C793;
			remoteInfo = ViperArchitectureDemo;
		};
		A7589F49219D56FD00A3C793 /* PBXContainerItemProxy */ = {
			isa = PBXContainerItemProxy;
			containerPortal = A7589F21219D56FB00A3C793 /* Project object */;
			proxyType = 1;
			remoteGlobalIDString = A7589F28219D56FB00A3C793;
			remoteInfo = ViperArchitectureDemo;
		};
/* End PBXContainerItemProxy section */

/* Begin PBXFileReference section */
		3E280095A6C39F8F26F359E0 /* Pods-ViperArchitectureDemoUITests.debug.xcconfig */ = {isa = PBXFileReference; includeInIndex = 1; lastKnownFileType = text.xcconfig; name = "Pods-ViperArchitectureDemoUITests.debug.xcconfig"; path = "Pods/Target Support Files/Pods-ViperArchitectureDemoUITests/Pods-ViperArchitectureDemoUITests.debug.xcconfig"; sourceTree = "<group>"; };
		523F2EAB11B6E55784FD4FB3 /* Pods_ViperArchitectureDemo_ViperArchitectureDemoUITests.framework */ = {isa = PBXFileReference; explicitFileType = wrapper.framework; includeInIndex = 0; path = Pods_ViperArchitectureDemo_ViperArchitectureDemoUITests.framework; sourceTree = BUILT_PRODUCTS_DIR; };
		79A65ABB2F33D905B98A37BB /* Pods_ViperArchitectureDemoUITests.framework */ = {isa = PBXFileReference; explicitFileType = wrapper.framework; includeInIndex = 0; path = Pods_ViperArchitectureDemoUITests.framework; sourceTree = BUILT_PRODUCTS_DIR; };
		8BE2C0FAE7E64B9DA721B50D /* Pods-ViperArchitectureDemoUITests.release.xcconfig */ = {isa = PBXFileReference; includeInIndex = 1; lastKnownFileType = text.xcconfig; name = "Pods-ViperArchitectureDemoUITests.release.xcconfig"; path = "Pods/Target Support Files/Pods-ViperArchitectureDemoUITests/Pods-ViperArchitectureDemoUITests.release.xcconfig"; sourceTree = "<group>"; };
		95F1033E4CAD745E1F5B8494 /* Pods-ViperArchitectureDemo.debug.xcconfig */ = {isa = PBXFileReference; includeInIndex = 1; lastKnownFileType = text.xcconfig; name = "Pods-ViperArchitectureDemo.debug.xcconfig"; path = "Pods/Target Support Files/Pods-ViperArchitectureDemo/Pods-ViperArchitectureDemo.debug.xcconfig"; sourceTree = "<group>"; };
		A716A29A21AA7D6D00CAFC97 /* UserResponseModel.swift */ = {isa = PBXFileReference; lastKnownFileType = sourcecode.swift; path = UserResponseModel.swift; sourceTree = "<group>"; };
		A716A29C21AA968900CAFC97 /* UserResponseRemoteModel.swift */ = {isa = PBXFileReference; lastKnownFileType = sourcecode.swift; path = UserResponseRemoteModel.swift; sourceTree = "<group>"; };
		A739E4BD21A147E1007205F4 /* UserDetailViewController.swift */ = {isa = PBXFileReference; lastKnownFileType = sourcecode.swift; path = UserDetailViewController.swift; sourceTree = "<group>"; };
		A739E4BF21A147FE007205F4 /* UserDetailPresenter.swift */ = {isa = PBXFileReference; lastKnownFileType = sourcecode.swift; path = UserDetailPresenter.swift; sourceTree = "<group>"; };
		A739E4C121A1480E007205F4 /* UserDetailInteractor.swift */ = {isa = PBXFileReference; lastKnownFileType = sourcecode.swift; path = UserDetailInteractor.swift; sourceTree = "<group>"; };
		A739E4C321A1481E007205F4 /* UserDetailProtocol.swift */ = {isa = PBXFileReference; lastKnownFileType = sourcecode.swift; path = UserDetailProtocol.swift; sourceTree = "<group>"; };
		A739E4C521A14EB3007205F4 /* UserDetailRouter.swift */ = {isa = PBXFileReference; lastKnownFileType = sourcecode.swift; path = UserDetailRouter.swift; sourceTree = "<group>"; };
		A7589F29219D56FB00A3C793 /* ViperArchitectureDemo.app */ = {isa = PBXFileReference; explicitFileType = wrapper.application; includeInIndex = 0; path = ViperArchitectureDemo.app; sourceTree = BUILT_PRODUCTS_DIR; };
		A7589F2C219D56FB00A3C793 /* AppDelegate.swift */ = {isa = PBXFileReference; lastKnownFileType = sourcecode.swift; path = AppDelegate.swift; sourceTree = "<group>"; };
		A7589F2E219D56FB00A3C793 /* LoginViewController.swift */ = {isa = PBXFileReference; lastKnownFileType = sourcecode.swift; path = LoginViewController.swift; sourceTree = "<group>"; };
		A7589F31219D56FB00A3C793 /* Base */ = {isa = PBXFileReference; lastKnownFileType = file.storyboard; name = Base; path = Base.lproj/Main.storyboard; sourceTree = "<group>"; };
		A7589F33219D56FD00A3C793 /* Assets.xcassets */ = {isa = PBXFileReference; lastKnownFileType = folder.assetcatalog; path = Assets.xcassets; sourceTree = "<group>"; };
		A7589F36219D56FD00A3C793 /* Base */ = {isa = PBXFileReference; lastKnownFileType = file.storyboard; name = Base; path = Base.lproj/LaunchScreen.storyboard; sourceTree = "<group>"; };
		A7589F38219D56FD00A3C793 /* Info.plist */ = {isa = PBXFileReference; lastKnownFileType = text.plist.xml; path = Info.plist; sourceTree = "<group>"; };
		A7589F3D219D56FD00A3C793 /* ViperArchitectureDemoTests.xctest */ = {isa = PBXFileReference; explicitFileType = wrapper.cfbundle; includeInIndex = 0; path = ViperArchitectureDemoTests.xctest; sourceTree = BUILT_PRODUCTS_DIR; };
		A7589F41219D56FD00A3C793 /* ViperArchitectureDemoTests.swift */ = {isa = PBXFileReference; lastKnownFileType = sourcecode.swift; path = ViperArchitectureDemoTests.swift; sourceTree = "<group>"; };
		A7589F43219D56FD00A3C793 /* Info.plist */ = {isa = PBXFileReference; lastKnownFileType = text.plist.xml; path = Info.plist; sourceTree = "<group>"; };
		A7589F48219D56FD00A3C793 /* ViperArchitectureDemoUITests.xctest */ = {isa = PBXFileReference; explicitFileType = wrapper.cfbundle; includeInIndex = 0; path = ViperArchitectureDemoUITests.xctest; sourceTree = BUILT_PRODUCTS_DIR; };
		A7589F4C219D56FD00A3C793 /* ViperArchitectureDemoUITests.swift */ = {isa = PBXFileReference; lastKnownFileType = sourcecode.swift; path = ViperArchitectureDemoUITests.swift; sourceTree = "<group>"; };
		A7589F4E219D56FD00A3C793 /* Info.plist */ = {isa = PBXFileReference; lastKnownFileType = text.plist.xml; path = Info.plist; sourceTree = "<group>"; };
		A7589F5F219D5A1D00A3C793 /* LoginProtocol.swift */ = {isa = PBXFileReference; lastKnownFileType = sourcecode.swift; path = LoginProtocol.swift; sourceTree = "<group>"; };
		A7589F63219D606E00A3C793 /* UserPresenter.swift */ = {isa = PBXFileReference; lastKnownFileType = sourcecode.swift; path = UserPresenter.swift; sourceTree = "<group>"; };
		A7589F65219D612900A3C793 /* UserInteractor.swift */ = {isa = PBXFileReference; lastKnownFileType = sourcecode.swift; path = UserInteractor.swift; sourceTree = "<group>"; };
		A7589F68219D7A4F00A3C793 /* UserRouter.swift */ = {isa = PBXFileReference; lastKnownFileType = sourcecode.swift; path = UserRouter.swift; sourceTree = "<group>"; };
		A766651D21A28FAF00B3C41C /* BaseEntity.swift */ = {isa = PBXFileReference; lastKnownFileType = sourcecode.swift; path = BaseEntity.swift; sourceTree = "<group>"; };
		A77458BB219D977C00860F11 /* Constants.swift */ = {isa = PBXFileReference; lastKnownFileType = sourcecode.swift; path = Constants.swift; sourceTree = "<group>"; };
		A7C8660621AEB96B00517FB9 /* ViperArchitectureDemo-Bridging-Header.h */ = {isa = PBXFileReference; lastKnownFileType = sourcecode.c.h; path = "ViperArchitectureDemo-Bridging-Header.h"; sourceTree = "<group>"; };
		A7C8660721AEB96D00517FB9 /* SWRevealViewController.h */ = {isa = PBXFileReference; fileEncoding = 4; lastKnownFileType = sourcecode.c.h; path = SWRevealViewController.h; sourceTree = "<group>"; };
		A7C8660821AEB96D00517FB9 /* SWRevealViewController.m */ = {isa = PBXFileReference; fileEncoding = 4; lastKnownFileType = sourcecode.c.objc; path = SWRevealViewController.m; sourceTree = "<group>"; };
		A7C8660A21AEBB5F00517FB9 /* SlideinTableViewController.swift */ = {isa = PBXFileReference; lastKnownFileType = sourcecode.swift; path = SlideinTableViewController.swift; sourceTree = "<group>"; };
		A7CF0BF221AD24DB00952383 /* TabLayoutViewController.swift */ = {isa = PBXFileReference; lastKnownFileType = sourcecode.swift; path = TabLayoutViewController.swift; sourceTree = "<group>"; };
		A7E0A1A521AFE68600F38072 /* StockLedgerViewController.swift */ = {isa = PBXFileReference; lastKnownFileType = sourcecode.swift; path = StockLedgerViewController.swift; sourceTree = "<group>"; };
		D4812341001F6435CDE57896 /* Pods_ViperArchitectureDemo.framework */ = {isa = PBXFileReference; explicitFileType = wrapper.framework; includeInIndex = 0; path = Pods_ViperArchitectureDemo.framework; sourceTree = BUILT_PRODUCTS_DIR; };
		D915D6FBFF06F39756EBA9E0 /* Pods-ViperArchitectureDemo.release.xcconfig */ = {isa = PBXFileReference; includeInIndex = 1; lastKnownFileType = text.xcconfig; name = "Pods-ViperArchitectureDemo.release.xcconfig"; path = "Pods/Target Support Files/Pods-ViperArchitectureDemo/Pods-ViperArchitectureDemo.release.xcconfig"; sourceTree = "<group>"; };
		F059B79C884DE89C72A94693 /* Pods_ViperArchitectureDemoTests.framework */ = {isa = PBXFileReference; explicitFileType = wrapper.framework; includeInIndex = 0; path = Pods_ViperArchitectureDemoTests.framework; sourceTree = BUILT_PRODUCTS_DIR; };
/* End PBXFileReference section */

/* Begin PBXFrameworksBuildPhase section */
		A7589F26219D56FB00A3C793 /* Frameworks */ = {
			isa = PBXFrameworksBuildPhase;
			buildActionMask = 2147483647;
			files = (
				866BFA98F1AB4233EC43BED0 /* Pods_ViperArchitectureDemo.framework in Frameworks */,
			);
			runOnlyForDeploymentPostprocessing = 0;
		};
		A7589F3A219D56FD00A3C793 /* Frameworks */ = {
			isa = PBXFrameworksBuildPhase;
			buildActionMask = 2147483647;
			files = (
			);
			runOnlyForDeploymentPostprocessing = 0;
		};
		A7589F45219D56FD00A3C793 /* Frameworks */ = {
			isa = PBXFrameworksBuildPhase;
			buildActionMask = 2147483647;
			files = (
			);
			runOnlyForDeploymentPostprocessing = 0;
		};
/* End PBXFrameworksBuildPhase section */

/* Begin PBXGroup section */
		54BC356338B9637B0B993024 /* Frameworks */ = {
			isa = PBXGroup;
			children = (
				D4812341001F6435CDE57896 /* Pods_ViperArchitectureDemo.framework */,
				F059B79C884DE89C72A94693 /* Pods_ViperArchitectureDemoTests.framework */,
				79A65ABB2F33D905B98A37BB /* Pods_ViperArchitectureDemoUITests.framework */,
				523F2EAB11B6E55784FD4FB3 /* Pods_ViperArchitectureDemo_ViperArchitectureDemoUITests.framework */,
			);
			name = Frameworks;
			sourceTree = "<group>";
		};
		A1E17D4C68BDCEEED17B35A4 /* Pods */ = {
			isa = PBXGroup;
			children = (
				95F1033E4CAD745E1F5B8494 /* Pods-ViperArchitectureDemo.debug.xcconfig */,
				D915D6FBFF06F39756EBA9E0 /* Pods-ViperArchitectureDemo.release.xcconfig */,
				3E280095A6C39F8F26F359E0 /* Pods-ViperArchitectureDemoUITests.debug.xcconfig */,
				8BE2C0FAE7E64B9DA721B50D /* Pods-ViperArchitectureDemoUITests.release.xcconfig */,
			);
			name = Pods;
			sourceTree = "<group>";
		};
		A7589F20219D56FB00A3C793 = {
			isa = PBXGroup;
			children = (
				A7589F2B219D56FB00A3C793 /* ViperArchitectureDemo */,
				A7589F40219D56FD00A3C793 /* ViperArchitectureDemoTests */,
				A7589F4B219D56FD00A3C793 /* ViperArchitectureDemoUITests */,
				A7589F2A219D56FB00A3C793 /* Products */,
				A1E17D4C68BDCEEED17B35A4 /* Pods */,
				54BC356338B9637B0B993024 /* Frameworks */,
			);
			sourceTree = "<group>";
		};
		A7589F2A219D56FB00A3C793 /* Products */ = {
			isa = PBXGroup;
			children = (
				A7589F29219D56FB00A3C793 /* ViperArchitectureDemo.app */,
				A7589F3D219D56FD00A3C793 /* ViperArchitectureDemoTests.xctest */,
				A7589F48219D56FD00A3C793 /* ViperArchitectureDemoUITests.xctest */,
			);
			name = Products;
			sourceTree = "<group>";
		};
		A7589F2B219D56FB00A3C793 /* ViperArchitectureDemo */ = {
			isa = PBXGroup;
			children = (
				A77458BA219D961A00860F11 /* Constant */,
				A7589F67219D7A4000A3C793 /* router */,
				A7589F5E219D574800A3C793 /* protocols */,
				A7589F5D219D573F00A3C793 /* entity */,
				A7589F5C219D573000A3C793 /* interactor */,
				A7589F5B219D572700A3C793 /* presenter */,
				A7589F5A219D571C00A3C793 /* view */,
				A7589F2C219D56FB00A3C793 /* AppDelegate.swift */,
				A7589F30219D56FB00A3C793 /* Main.storyboard */,
				A7C8660A21AEBB5F00517FB9 /* SlideinTableViewController.swift */,
				A7589F33219D56FD00A3C793 /* Assets.xcassets */,
				A7589F35219D56FD00A3C793 /* LaunchScreen.storyboard */,
				A7589F38219D56FD00A3C793 /* Info.plist */,
				A7C8660721AEB96D00517FB9 /* SWRevealViewController.h */,
				A7C8660821AEB96D00517FB9 /* SWRevealViewController.m */,
				A7C8660621AEB96B00517FB9 /* ViperArchitectureDemo-Bridging-Header.h */,
			);
			path = ViperArchitectureDemo;
			sourceTree = "<group>";
		};
		A7589F40219D56FD00A3C793 /* ViperArchitectureDemoTests */ = {
			isa = PBXGroup;
			children = (
				A7589F41219D56FD00A3C793 /* ViperArchitectureDemoTests.swift */,
				A7589F43219D56FD00A3C793 /* Info.plist */,
			);
			path = ViperArchitectureDemoTests;
			sourceTree = "<group>";
		};
		A7589F4B219D56FD00A3C793 /* ViperArchitectureDemoUITests */ = {
			isa = PBXGroup;
			children = (
				A7589F4C219D56FD00A3C793 /* ViperArchitectureDemoUITests.swift */,
				A7589F4E219D56FD00A3C793 /* Info.plist */,
			);
			path = ViperArchitectureDemoUITests;
			sourceTree = "<group>";
		};
		A7589F5A219D571C00A3C793 /* view */ = {
			isa = PBXGroup;
			children = (
				A7589F2E219D56FB00A3C793 /* LoginViewController.swift */,
				A739E4BD21A147E1007205F4 /* UserDetailViewController.swift */,
				A7CF0BF221AD24DB00952383 /* TabLayoutViewController.swift */,
				A7E0A1A521AFE68600F38072 /* StockLedgerViewController.swift */,
			);
			path = view;
			sourceTree = "<group>";
		};
		A7589F5B219D572700A3C793 /* presenter */ = {
			isa = PBXGroup;
			children = (
				A7589F63219D606E00A3C793 /* UserPresenter.swift */,
				A739E4BF21A147FE007205F4 /* UserDetailPresenter.swift */,
			);
			path = presenter;
			sourceTree = "<group>";
		};
		A7589F5C219D573000A3C793 /* interactor */ = {
			isa = PBXGroup;
			children = (
				A7589F65219D612900A3C793 /* UserInteractor.swift */,
				A739E4C121A1480E007205F4 /* UserDetailInteractor.swift */,
			);
			path = interactor;
			sourceTree = "<group>";
		};
		A7589F5D219D573F00A3C793 /* entity */ = {
			isa = PBXGroup;
			children = (
				A716A29A21AA7D6D00CAFC97 /* UserResponseModel.swift */,
				A766651D21A28FAF00B3C41C /* BaseEntity.swift */,
				A716A29C21AA968900CAFC97 /* UserResponseRemoteModel.swift */,
			);
			path = entity;
			sourceTree = "<group>";
		};
		A7589F5E219D574800A3C793 /* protocols */ = {
			isa = PBXGroup;
			children = (
				A7589F5F219D5A1D00A3C793 /* LoginProtocol.swift */,
				A739E4C321A1481E007205F4 /* UserDetailProtocol.swift */,
			);
			path = protocols;
			sourceTree = "<group>";
		};
		A7589F67219D7A4000A3C793 /* router */ = {
			isa = PBXGroup;
			children = (
				A7589F68219D7A4F00A3C793 /* UserRouter.swift */,
				A739E4C521A14EB3007205F4 /* UserDetailRouter.swift */,
			);
			path = router;
			sourceTree = "<group>";
		};
		A77458BA219D961A00860F11 /* Constant */ = {
			isa = PBXGroup;
			children = (
				A77458BB219D977C00860F11 /* Constants.swift */,
			);
			path = Constant;
			sourceTree = "<group>";
		};
/* End PBXGroup section */

/* Begin PBXNativeTarget section */
		A7589F28219D56FB00A3C793 /* ViperArchitectureDemo */ = {
			isa = PBXNativeTarget;
			buildConfigurationList = A7589F51219D56FD00A3C793 /* Build configuration list for PBXNativeTarget "ViperArchitectureDemo" */;
			buildPhases = (
				6A250B89B1D878FD16343634 /* [CP] Check Pods Manifest.lock */,
				A7589F25219D56FB00A3C793 /* Sources */,
				A7589F26219D56FB00A3C793 /* Frameworks */,
				A7589F27219D56FB00A3C793 /* Resources */,
				A82C9E1E20EC88C98B12D906 /* [CP] Embed Pods Frameworks */,
			);
			buildRules = (
			);
			dependencies = (
			);
			name = ViperArchitectureDemo;
			productName = ViperArchitectureDemo;
			productReference = A7589F29219D56FB00A3C793 /* ViperArchitectureDemo.app */;
			productType = "com.apple.product-type.application";
		};
		A7589F3C219D56FD00A3C793 /* ViperArchitectureDemoTests */ = {
			isa = PBXNativeTarget;
			buildConfigurationList = A7589F54219D56FD00A3C793 /* Build configuration list for PBXNativeTarget "ViperArchitectureDemoTests" */;
			buildPhases = (
				A7589F39219D56FD00A3C793 /* Sources */,
				A7589F3A219D56FD00A3C793 /* Frameworks */,
				A7589F3B219D56FD00A3C793 /* Resources */,
			);
			buildRules = (
			);
			dependencies = (
				A7589F3F219D56FD00A3C793 /* PBXTargetDependency */,
			);
			name = ViperArchitectureDemoTests;
			productName = ViperArchitectureDemoTests;
			productReference = A7589F3D219D56FD00A3C793 /* ViperArchitectureDemoTests.xctest */;
			productType = "com.apple.product-type.bundle.unit-test";
		};
		A7589F47219D56FD00A3C793 /* ViperArchitectureDemoUITests */ = {
			isa = PBXNativeTarget;
			buildConfigurationList = A7589F57219D56FD00A3C793 /* Build configuration list for PBXNativeTarget "ViperArchitectureDemoUITests" */;
			buildPhases = (
				A7589F44219D56FD00A3C793 /* Sources */,
				A7589F45219D56FD00A3C793 /* Frameworks */,
				A7589F46219D56FD00A3C793 /* Resources */,
			);
			buildRules = (
			);
			dependencies = (
				A7589F4A219D56FD00A3C793 /* PBXTargetDependency */,
			);
			name = ViperArchitectureDemoUITests;
			productName = ViperArchitectureDemoUITests;
			productReference = A7589F48219D56FD00A3C793 /* ViperArchitectureDemoUITests.xctest */;
			productType = "com.apple.product-type.bundle.ui-testing";
		};
/* End PBXNativeTarget section */

/* Begin PBXProject section */
		A7589F21219D56FB00A3C793 /* Project object */ = {
			isa = PBXProject;
			attributes = {
				LastSwiftUpdateCheck = 0930;
				LastUpgradeCheck = 0930;
				ORGANIZATIONNAME = rumi;
				TargetAttributes = {
					A7589F28219D56FB00A3C793 = {
						CreatedOnToolsVersion = 9.3;
						LastSwiftMigration = 0930;
					};
					A7589F3C219D56FD00A3C793 = {
						CreatedOnToolsVersion = 9.3;
						TestTargetID = A7589F28219D56FB00A3C793;
					};
					A7589F47219D56FD00A3C793 = {
						CreatedOnToolsVersion = 9.3;
						TestTargetID = A7589F28219D56FB00A3C793;
					};
				};
			};
			buildConfigurationList = A7589F24219D56FB00A3C793 /* Build configuration list for PBXProject "ViperArchitectureDemo" */;
			compatibilityVersion = "Xcode 9.3";
			developmentRegion = en;
			hasScannedForEncodings = 0;
			knownRegions = (
				en,
				Base,
			);
			mainGroup = A7589F20219D56FB00A3C793;
			productRefGroup = A7589F2A219D56FB00A3C793 /* Products */;
			projectDirPath = "";
			projectRoot = "";
			targets = (
				A7589F28219D56FB00A3C793 /* ViperArchitectureDemo */,
				A7589F3C219D56FD00A3C793 /* ViperArchitectureDemoTests */,
				A7589F47219D56FD00A3C793 /* ViperArchitectureDemoUITests */,
			);
		};
/* End PBXProject section */

/* Begin PBXResourcesBuildPhase section */
		A7589F27219D56FB00A3C793 /* Resources */ = {
			isa = PBXResourcesBuildPhase;
			buildActionMask = 2147483647;
			files = (
				A7589F37219D56FD00A3C793 /* LaunchScreen.storyboard in Resources */,
				A7589F34219D56FD00A3C793 /* Assets.xcassets in Resources */,
				A7589F32219D56FB00A3C793 /* Main.storyboard in Resources */,
			);
			runOnlyForDeploymentPostprocessing = 0;
		};
		A7589F3B219D56FD00A3C793 /* Resources */ = {
			isa = PBXResourcesBuildPhase;
			buildActionMask = 2147483647;
			files = (
			);
			runOnlyForDeploymentPostprocessing = 0;
		};
		A7589F46219D56FD00A3C793 /* Resources */ = {
			isa = PBXResourcesBuildPhase;
			buildActionMask = 2147483647;
			files = (
			);
			runOnlyForDeploymentPostprocessing = 0;
		};
/* End PBXResourcesBuildPhase section */

/* Begin PBXShellScriptBuildPhase section */
		6A250B89B1D878FD16343634 /* [CP] Check Pods Manifest.lock */ = {
			isa = PBXShellScriptBuildPhase;
			buildActionMask = 2147483647;
			files = (
			);
			inputPaths = (
				"${PODS_PODFILE_DIR_PATH}/Podfile.lock",
				"${PODS_ROOT}/Manifest.lock",
			);
			name = "[CP] Check Pods Manifest.lock";
			outputPaths = (
				"$(DERIVED_FILE_DIR)/Pods-ViperArchitectureDemo-checkManifestLockResult.txt",
			);
			runOnlyForDeploymentPostprocessing = 0;
			shellPath = /bin/sh;
			shellScript = "diff \"${PODS_PODFILE_DIR_PATH}/Podfile.lock\" \"${PODS_ROOT}/Manifest.lock\" > /dev/null\nif [ $? != 0 ] ; then\n    # print error to STDERR\n    echo \"error: The sandbox is not in sync with the Podfile.lock. Run 'pod install' or update your CocoaPods installation.\" >&2\n    exit 1\nfi\n# This output is used by Xcode 'outputs' to avoid re-running this script phase.\necho \"SUCCESS\" > \"${SCRIPT_OUTPUT_FILE_0}\"\n";
			showEnvVarsInLog = 0;
		};
		A82C9E1E20EC88C98B12D906 /* [CP] Embed Pods Frameworks */ = {
			isa = PBXShellScriptBuildPhase;
			buildActionMask = 2147483647;
			files = (
			);
			inputPaths = (
				"${SRCROOT}/Pods/Target Support Files/Pods-ViperArchitectureDemo/Pods-ViperArchitectureDemo-frameworks.sh",
				"${BUILT_PRODUCTS_DIR}/Alamofire/Alamofire.framework",
				"${BUILT_PRODUCTS_DIR}/AlamofireObjectMapper/AlamofireObjectMapper.framework",
				"${BUILT_PRODUCTS_DIR}/ObjectMapper/ObjectMapper.framework",
				"${BUILT_PRODUCTS_DIR}/SwiftyJSON/SwiftyJSON.framework",
			);
			name = "[CP] Embed Pods Frameworks";
			outputPaths = (
				"${TARGET_BUILD_DIR}/${FRAMEWORKS_FOLDER_PATH}/Alamofire.framework",
				"${TARGET_BUILD_DIR}/${FRAMEWORKS_FOLDER_PATH}/AlamofireObjectMapper.framework",
				"${TARGET_BUILD_DIR}/${FRAMEWORKS_FOLDER_PATH}/ObjectMapper.framework",
				"${TARGET_BUILD_DIR}/${FRAMEWORKS_FOLDER_PATH}/SwiftyJSON.framework",
			);
			runOnlyForDeploymentPostprocessing = 0;
			shellPath = /bin/sh;
			shellScript = "\"${SRCROOT}/Pods/Target Support Files/Pods-ViperArchitectureDemo/Pods-ViperArchitectureDemo-frameworks.sh\"\n";
			showEnvVarsInLog = 0;
		};
/* End PBXShellScriptBuildPhase section */

/* Begin PBXSourcesBuildPhase section */
		A7589F25219D56FB00A3C793 /* Sources */ = {
			isa = PBXSourcesBuildPhase;
			buildActionMask = 2147483647;
			files = (
				A7C8660B21AEBB5F00517FB9 /* SlideinTableViewController.swift in Sources */,
				A739E4C021A147FE007205F4 /* UserDetailPresenter.swift in Sources */,
				A716A29B21AA7D6D00CAFC97 /* UserResponseModel.swift in Sources */,
				A7589F66219D612900A3C793 /* UserInteractor.swift in Sources */,
				A716A29D21AA968900CAFC97 /* UserResponseRemoteModel.swift in Sources */,
				A739E4BE21A147E1007205F4 /* UserDetailViewController.swift in Sources */,
				A7589F60219D5A1D00A3C793 /* LoginProtocol.swift in Sources */,
				A7589F2F219D56FB00A3C793 /* LoginViewController.swift in Sources */,
				A7589F69219D7A4F00A3C793 /* UserRouter.swift in Sources */,
				A739E4C621A14EB3007205F4 /* UserDetailRouter.swift in Sources */,
				A7589F64219D606E00A3C793 /* UserPresenter.swift in Sources */,
				A7E0A1A621AFE68600F38072 /* StockLedgerViewController.swift in Sources */,
				A766651E21A28FAF00B3C41C /* BaseEntity.swift in Sources */,
				A7C8660921AEB96E00517FB9 /* SWRevealViewController.m in Sources */,
				A7589F2D219D56FB00A3C793 /* AppDelegate.swift in Sources */,
				A7CF0BF321AD24DB00952383 /* TabLayoutViewController.swift in Sources */,
				A739E4C221A1480E007205F4 /* UserDetailInteractor.swift in Sources */,
				A77458BC219D977C00860F11 /* Constants.swift in Sources */,
				A739E4C421A1481E007205F4 /* UserDetailProtocol.swift in Sources */,
			);
			runOnlyForDeploymentPostprocessing = 0;
		};
		A7589F39219D56FD00A3C793 /* Sources */ = {
			isa = PBXSourcesBuildPhase;
			buildActionMask = 2147483647;
			files = (
				A7589F42219D56FD00A3C793 /* ViperArchitectureDemoTests.swift in Sources */,
			);
			runOnlyForDeploymentPostprocessing = 0;
		};
		A7589F44219D56FD00A3C793 /* Sources */ = {
			isa = PBXSourcesBuildPhase;
			buildActionMask = 2147483647;
			files = (
				A7589F4D219D56FD00A3C793 /* ViperArchitectureDemoUITests.swift in Sources */,
			);
			runOnlyForDeploymentPostprocessing = 0;
		};
/* End PBXSourcesBuildPhase section */

/* Begin PBXTargetDependency section */
		A7589F3F219D56FD00A3C793 /* PBXTargetDependency */ = {
			isa = PBXTargetDependency;
			target = A7589F28219D56FB00A3C793 /* ViperArchitectureDemo */;
			targetProxy = A7589F3E219D56FD00A3C793 /* PBXContainerItemProxy */;
		};
		A7589F4A219D56FD00A3C793 /* PBXTargetDependency */ = {
			isa = PBXTargetDependency;
			target = A7589F28219D56FB00A3C793 /* ViperArchitectureDemo */;
			targetProxy = A7589F49219D56FD00A3C793 /* PBXContainerItemProxy */;
		};
/* End PBXTargetDependency section */

/* Begin PBXVariantGroup section */
		A7589F30219D56FB00A3C793 /* Main.storyboard */ = {
			isa = PBXVariantGroup;
			children = (
				A7589F31219D56FB00A3C793 /* Base */,
			);
			name = Main.storyboard;
			sourceTree = "<group>";
		};
		A7589F35219D56FD00A3C793 /* LaunchScreen.storyboard */ = {
			isa = PBXVariantGroup;
			children = (
				A7589F36219D56FD00A3C793 /* Base */,
			);
			name = LaunchScreen.storyboard;
			sourceTree = "<group>";
		};
/* End PBXVariantGroup section */

/* Begin XCBuildConfiguration section */
		A7589F4F219D56FD00A3C793 /* Debug */ = {
			isa = XCBuildConfiguration;
			buildSettings = {
				ALWAYS_SEARCH_USER_PATHS = NO;
				CLANG_ANALYZER_NONNULL = YES;
				CLANG_ANALYZER_NUMBER_OBJECT_CONVERSION = YES_AGGRESSIVE;
				CLANG_CXX_LANGUAGE_STANDARD = "gnu++14";
				CLANG_CXX_LIBRARY = "libc++";
				CLANG_ENABLE_MODULES = YES;
				CLANG_ENABLE_OBJC_ARC = YES;
				CLANG_ENABLE_OBJC_WEAK = YES;
				CLANG_WARN_BLOCK_CAPTURE_AUTORELEASING = YES;
				CLANG_WARN_BOOL_CONVERSION = YES;
				CLANG_WARN_COMMA = YES;
				CLANG_WARN_CONSTANT_CONVERSION = YES;
				CLANG_WARN_DEPRECATED_OBJC_IMPLEMENTATIONS = YES;
				CLANG_WARN_DIRECT_OBJC_ISA_USAGE = YES_ERROR;
				CLANG_WARN_DOCUMENTATION_COMMENTS = YES;
				CLANG_WARN_EMPTY_BODY = YES;
				CLANG_WARN_ENUM_CONVERSION = YES;
				CLANG_WARN_INFINITE_RECURSION = YES;
				CLANG_WARN_INT_CONVERSION = YES;
				CLANG_WARN_NON_LITERAL_NULL_CONVERSION = YES;
				CLANG_WARN_OBJC_IMPLICIT_RETAIN_SELF = YES;
				CLANG_WARN_OBJC_LITERAL_CONVERSION = YES;
				CLANG_WARN_OBJC_ROOT_CLASS = YES_ERROR;
				CLANG_WARN_RANGE_LOOP_ANALYSIS = YES;
				CLANG_WARN_STRICT_PROTOTYPES = YES;
				CLANG_WARN_SUSPICIOUS_MOVE = YES;
				CLANG_WARN_UNGUARDED_AVAILABILITY = YES_AGGRESSIVE;
				CLANG_WARN_UNREACHABLE_CODE = YES;
				CLANG_WARN__DUPLICATE_METHOD_MATCH = YES;
				CODE_SIGN_IDENTITY = "iPhone Developer";
				COPY_PHASE_STRIP = NO;
				DEBUG_INFORMATION_FORMAT = dwarf;
				ENABLE_STRICT_OBJC_MSGSEND = YES;
				ENABLE_TESTABILITY = YES;
				GCC_C_LANGUAGE_STANDARD = gnu11;
				GCC_DYNAMIC_NO_PIC = NO;
				GCC_NO_COMMON_BLOCKS = YES;
				GCC_OPTIMIZATION_LEVEL = 0;
				GCC_PREPROCESSOR_DEFINITIONS = (
					"DEBUG=1",
					"$(inherited)",
				);
				GCC_WARN_64_TO_32_BIT_CONVERSION = YES;
				GCC_WARN_ABOUT_RETURN_TYPE = YES_ERROR;
				GCC_WARN_UNDECLARED_SELECTOR = YES;
				GCC_WARN_UNINITIALIZED_AUTOS = YES_AGGRESSIVE;
				GCC_WARN_UNUSED_FUNCTION = YES;
				GCC_WARN_UNUSED_VARIABLE = YES;
				IPHONEOS_DEPLOYMENT_TARGET = 11.3;
				MTL_ENABLE_DEBUG_INFO = YES;
				ONLY_ACTIVE_ARCH = YES;
				SDKROOT = iphoneos;
				SWIFT_ACTIVE_COMPILATION_CONDITIONS = DEBUG;
				SWIFT_OPTIMIZATION_LEVEL = "-Onone";
			};
			name = Debug;
		};
		A7589F50219D56FD00A3C793 /* Release */ = {
			isa = XCBuildConfiguration;
			buildSettings = {
				ALWAYS_SEARCH_USER_PATHS = NO;
				CLANG_ANALYZER_NONNULL = YES;
				CLANG_ANALYZER_NUMBER_OBJECT_CONVERSION = YES_AGGRESSIVE;
				CLANG_CXX_LANGUAGE_STANDARD = "gnu++14";
				CLANG_CXX_LIBRARY = "libc++";
				CLANG_ENABLE_MODULES = YES;
				CLANG_ENABLE_OBJC_ARC = YES;
				CLANG_ENABLE_OBJC_WEAK = YES;
				CLANG_WARN_BLOCK_CAPTURE_AUTORELEASING = YES;
				CLANG_WARN_BOOL_CONVERSION = YES;
				CLANG_WARN_COMMA = YES;
				CLANG_WARN_CONSTANT_CONVERSION = YES;
				CLANG_WARN_DEPRECATED_OBJC_IMPLEMENTATIONS = YES;
				CLANG_WARN_DIRECT_OBJC_ISA_USAGE = YES_ERROR;
				CLANG_WARN_DOCUMENTATION_COMMENTS = YES;
				CLANG_WARN_EMPTY_BODY = YES;
				CLANG_WARN_ENUM_CONVERSION = YES;
				CLANG_WARN_INFINITE_RECURSION = YES;
				CLANG_WARN_INT_CONVERSION = YES;
				CLANG_WARN_NON_LITERAL_NULL_CONVERSION = YES;
				CLANG_WARN_OBJC_IMPLICIT_RETAIN_SELF = YES;
				CLANG_WARN_OBJC_LITERAL_CONVERSION = YES;
				CLANG_WARN_OBJC_ROOT_CLASS = YES_ERROR;
				CLANG_WARN_RANGE_LOOP_ANALYSIS = YES;
				CLANG_WARN_STRICT_PROTOTYPES = YES;
				CLANG_WARN_SUSPICIOUS_MOVE = YES;
				CLANG_WARN_UNGUARDED_AVAILABILITY = YES_AGGRESSIVE;
				CLANG_WARN_UNREACHABLE_CODE = YES;
				CLANG_WARN__DUPLICATE_METHOD_MATCH = YES;
				CODE_SIGN_IDENTITY = "iPhone Developer";
				COPY_PHASE_STRIP = NO;
				DEBUG_INFORMATION_FORMAT = "dwarf-with-dsym";
				ENABLE_NS_ASSERTIONS = NO;
				ENABLE_STRICT_OBJC_MSGSEND = YES;
				GCC_C_LANGUAGE_STANDARD = gnu11;
				GCC_NO_COMMON_BLOCKS = YES;
				GCC_WARN_64_TO_32_BIT_CONVERSION = YES;
				GCC_WARN_ABOUT_RETURN_TYPE = YES_ERROR;
				GCC_WARN_UNDECLARED_SELECTOR = YES;
				GCC_WARN_UNINITIALIZED_AUTOS = YES_AGGRESSIVE;
				GCC_WARN_UNUSED_FUNCTION = YES;
				GCC_WARN_UNUSED_VARIABLE = YES;
				IPHONEOS_DEPLOYMENT_TARGET = 11.3;
				MTL_ENABLE_DEBUG_INFO = NO;
				SDKROOT = iphoneos;
				SWIFT_COMPILATION_MODE = wholemodule;
				SWIFT_OPTIMIZATION_LEVEL = "-O";
				VALIDATE_PRODUCT = YES;
			};
			name = Release;
		};
		A7589F52219D56FD00A3C793 /* Debug */ = {
			isa = XCBuildConfiguration;
			baseConfigurationReference = 95F1033E4CAD745E1F5B8494 /* Pods-ViperArchitectureDemo.debug.xcconfig */;
			buildSettings = {
				ASSETCATALOG_COMPILER_APPICON_NAME = AppIcon;
				CLANG_ENABLE_MODULES = YES;
				CODE_SIGN_STYLE = Automatic;
				INFOPLIST_FILE = ViperArchitectureDemo/Info.plist;
				LD_RUNPATH_SEARCH_PATHS = (
					"$(inherited)",
					"@executable_path/Frameworks",
				);
				PRODUCT_BUNDLE_IDENTIFIER = com.ViperArchitectureDemo;
				PRODUCT_NAME = "$(TARGET_NAME)";
				SWIFT_OBJC_BRIDGING_HEADER = "ViperArchitectureDemo/ViperArchitectureDemo-Bridging-Header.h";
				SWIFT_OPTIMIZATION_LEVEL = "-Onone";
				SWIFT_VERSION = 4.0;
				TARGETED_DEVICE_FAMILY = "1,2";
			};
			name = Debug;
		};
		A7589F53219D56FD00A3C793 /* Release */ = {
			isa = XCBuildConfiguration;
			baseConfigurationReference = D915D6FBFF06F39756EBA9E0 /* Pods-ViperArchitectureDemo.release.xcconfig */;
			buildSettings = {
				ASSETCATALOG_COMPILER_APPICON_NAME = AppIcon;
				CLANG_ENABLE_MODULES = YES;
				CODE_SIGN_STYLE = Automatic;
				INFOPLIST_FILE = ViperArchitectureDemo/Info.plist;
				LD_RUNPATH_SEARCH_PATHS = (
					"$(inherited)",
					"@executable_path/Frameworks",
				);
				PRODUCT_BUNDLE_IDENTIFIER = com.ViperArchitectureDemo;
				PRODUCT_NAME = "$(TARGET_NAME)";
				SWIFT_OBJC_BRIDGING_HEADER = "ViperArchitectureDemo/ViperArchitectureDemo-Bridging-Header.h";
				SWIFT_VERSION = 4.0;
				TARGETED_DEVICE_FAMILY = "1,2";
			};
			name = Release;
		};
		A7589F55219D56FD00A3C793 /* Debug */ = {
			isa = XCBuildConfiguration;
			buildSettings = {
				ALWAYS_EMBED_SWIFT_STANDARD_LIBRARIES = YES;
				BUNDLE_LOADER = "$(TEST_HOST)";
				CODE_SIGN_STYLE = Automatic;
				INFOPLIST_FILE = ViperArchitectureDemoTests/Info.plist;
				LD_RUNPATH_SEARCH_PATHS = (
					"$(inherited)",
					"@executable_path/Frameworks",
					"@loader_path/Frameworks",
				);
				PRODUCT_BUNDLE_IDENTIFIER = com.ViperArchitectureDemoTests;
				PRODUCT_NAME = "$(TARGET_NAME)";
				SWIFT_VERSION = 4.0;
				TARGETED_DEVICE_FAMILY = "1,2";
				TEST_HOST = "$(BUILT_PRODUCTS_DIR)/ViperArchitectureDemo.app/ViperArchitectureDemo";
			};
			name = Debug;
		};
		A7589F56219D56FD00A3C793 /* Release */ = {
			isa = XCBuildConfiguration;
			buildSettings = {
				ALWAYS_EMBED_SWIFT_STANDARD_LIBRARIES = YES;
				BUNDLE_LOADER = "$(TEST_HOST)";
				CODE_SIGN_STYLE = Automatic;
				INFOPLIST_FILE = ViperArchitectureDemoTests/Info.plist;
				LD_RUNPATH_SEARCH_PATHS = (
					"$(inherited)",
					"@executable_path/Frameworks",
					"@loader_path/Frameworks",
				);
				PRODUCT_BUNDLE_IDENTIFIER = com.ViperArchitectureDemoTests;
				PRODUCT_NAME = "$(TARGET_NAME)";
				SWIFT_VERSION = 4.0;
				TARGETED_DEVICE_FAMILY = "1,2";
				TEST_HOST = "$(BUILT_PRODUCTS_DIR)/ViperArchitectureDemo.app/ViperArchitectureDemo";
			};
			name = Release;
		};
		A7589F58219D56FD00A3C793 /* Debug */ = {
			isa = XCBuildConfiguration;
			buildSettings = {
				ALWAYS_EMBED_SWIFT_STANDARD_LIBRARIES = YES;
				CODE_SIGN_STYLE = Automatic;
				INFOPLIST_FILE = ViperArchitectureDemoUITests/Info.plist;
				LD_RUNPATH_SEARCH_PATHS = (
					"$(inherited)",
					"@executable_path/Frameworks",
					"@loader_path/Frameworks",
				);
				PRODUCT_BUNDLE_IDENTIFIER = com.ViperArchitectureDemoUITests;
				PRODUCT_NAME = "$(TARGET_NAME)";
				SWIFT_VERSION = 4.0;
				TARGETED_DEVICE_FAMILY = "1,2";
				TEST_TARGET_NAME = ViperArchitectureDemo;
			};
			name = Debug;
		};
		A7589F59219D56FD00A3C793 /* Release */ = {
			isa = XCBuildConfiguration;
			buildSettings = {
				ALWAYS_EMBED_SWIFT_STANDARD_LIBRARIES = YES;
				CODE_SIGN_STYLE = Automatic;
				INFOPLIST_FILE = ViperArchitectureDemoUITests/Info.plist;
				LD_RUNPATH_SEARCH_PATHS = (
					"$(inherited)",
					"@executable_path/Frameworks",
					"@loader_path/Frameworks",
				);
				PRODUCT_BUNDLE_IDENTIFIER = com.ViperArchitectureDemoUITests;
				PRODUCT_NAME = "$(TARGET_NAME)";
				SWIFT_VERSION = 4.0;
				TARGETED_DEVICE_FAMILY = "1,2";
				TEST_TARGET_NAME = ViperArchitectureDemo;
			};
			name = Release;
		};
/* End XCBuildConfiguration section */

/* Begin XCConfigurationList section */
		A7589F24219D56FB00A3C793 /* Build configuration list for PBXProject "ViperArchitectureDemo" */ = {
			isa = XCConfigurationList;
			buildConfigurations = (
				A7589F4F219D56FD00A3C793 /* Debug */,
				A7589F50219D56FD00A3C793 /* Release */,
			);
			defaultConfigurationIsVisible = 0;
			defaultConfigurationName = Release;
		};
		A7589F51219D56FD00A3C793 /* Build configuration list for PBXNativeTarget "ViperArchitectureDemo" */ = {
			isa = XCConfigurationList;
			buildConfigurations = (
				A7589F52219D56FD00A3C793 /* Debug */,
				A7589F53219D56FD00A3C793 /* Release */,
			);
			defaultConfigurationIsVisible = 0;
			defaultConfigurationName = Release;
		};
		A7589F54219D56FD00A3C793 /* Build configuration list for PBXNativeTarget "ViperArchitectureDemoTests" */ = {
			isa = XCConfigurationList;
			buildConfigurations = (
				A7589F55219D56FD00A3C793 /* Debug */,
				A7589F56219D56FD00A3C793 /* Release */,
			);
			defaultConfigurationIsVisible = 0;
			defaultConfigurationName = Release;
		};
		A7589F57219D56FD00A3C793 /* Build configuration list for PBXNativeTarget "ViperArchitectureDemoUITests" */ = {
			isa = XCConfigurationList;
			buildConfigurations = (
				A7589F58219D56FD00A3C793 /* Debug */,
				A7589F59219D56FD00A3C793 /* Release */,
			);
			defaultConfigurationIsVisible = 0;
			defaultConfigurationName = Release;
		};
/* End XCConfigurationList section */
	};
	rootObject = A7589F21219D56FB00A3C793 /* Project object */;
}
